
Microsoft Visual Studio Solution File, Format Version 12.00
# Visual Studio Version 17
VisualStudioVersion = 17.11.35327.3
MinimumVisualStudioVersion = 10.0.40219.1
Project("{FAE04EC0-301F-11D3-BF4B-00C04F79EFBC}") = "RastreadorDeGastos", "RastreadorDeGastos.csproj", "{41985A3E-0865-4DE1-9A38-ADC4F9111D01}"
EndProject
Global
	GlobalSection(SolutionConfigurationPlatforms) = preSolution
		Debug|Any CPU = Debug|Any CPU
		Release|Any CPU = Release|Any CPU
	EndGlobalSection
	GlobalSection(ProjectConfigurationPlatforms) = postSolution
		{41985A3E-0865-4DE1-9A38-ADC4F9111D01}.Debug|Any CPU.ActiveCfg = Debug|Any CPU
		{41985A3E-0865-4DE1-9A38-ADC4F9111D01}.Debug|Any CPU.Build.0 = Debug|Any CPU
		{41985A3E-0865-4DE1-9A38-ADC4F9111D01}.Debug|Any CPU.Deploy.0 = Debug|Any CPU
		{41985A3E-0865-4DE1-9A38-ADC4F9111D01}.Release|Any CPU.ActiveCfg = Release|Any CPU
		{41985A3E-0865-4DE1-9A38-ADC4F9111D01}.Release|Any CPU.Build.0 = Release|Any CPU
		{41985A3E-0865-4DE1-9A38-ADC4F9111D01}.Release|Any CPU.Deploy.0 = Release|Any CPU
	EndGlobalSection
	GlobalSection(SolutionProperties) = preSolution
		HideSolutionNode = FALSE
	EndGlobalSection
	GlobalSection(ExtensibilityGlobals) = postSolution
		SolutionGuid = {B0EC8470-4B05-4ED7-A8A7-67AEDD14A91D}
	EndGlobalSection
EndGlobal
